
Microsoft Visual Studio Solution File, Format Version 12.00
# Visual Studio Version 17
VisualStudioVersion = 17.4.33213.308
MinimumVisualStudioVersion = 10.0.40219.1
Project("{FAE04EC0-301F-11D3-BF4B-00C04F79EFBC}") = "TFRandomizerGUI", "TFRandomizerGUI.csproj", "{8C10DB6A-3081-4506-A351-BE3D347427A5}"
EndProject
Global
	GlobalSection(SolutionConfigurationPlatforms) = preSolution
		Debug|Any CPU = Debug|Any CPU
		Release|Any CPU = Release|Any CPU
	EndGlobalSection
	GlobalSection(ProjectConfigurationPlatforms) = postSolution
		{8C10DB6A-3081-4506-A351-BE3D347427A5}.Debug|Any CPU.ActiveCfg = Debug|Any CPU
		{8C10DB6A-3081-4506-A351-BE3D347427A5}.Debug|Any CPU.Build.0 = Debug|Any CPU
		{8C10DB6A-3081-4506-A351-BE3D347427A5}.Release|Any CPU.ActiveCfg = Release|Any CPU
		{8C10DB6A-3081-4506-A351-BE3D347427A5}.Release|Any CPU.Build.0 = Release|Any CPU
	EndGlobalSection
	GlobalSection(SolutionProperties) = preSolution
		HideSolutionNode = FALSE
	EndGlobalSection
	GlobalSection(ExtensibilityGlobals) = postSolution
		SolutionGuid = {29531228-5FBA-4A9B-BB1D-1D5D8ADEF405}
	EndGlobalSection
EndGlobal
